
Microsoft Visual Studio Solution File, Format Version 12.00
# Visual Studio Version 17
VisualStudioVersion = 17.11.35327.3
MinimumVisualStudioVersion = 10.0.40219.1
Project("{FAE04EC0-301F-11D3-BF4B-00C04F79EFBC}") = "ödev c sharp", "ödev c sharp.csproj", "{28832AB7-ADFF-403F-85AA-B47CC88EEDD3}"
EndProject
Global
	GlobalSection(SolutionConfigurationPlatforms) = preSolution
		Debug|Any CPU = Debug|Any CPU
		Release|Any CPU = Release|Any CPU
	EndGlobalSection
	GlobalSection(ProjectConfigurationPlatforms) = postSolution
		{28832AB7-ADFF-403F-85AA-B47CC88EEDD3}.Debug|Any CPU.ActiveCfg = Debug|Any CPU
		{28832AB7-ADFF-403F-85AA-B47CC88EEDD3}.Debug|Any CPU.Build.0 = Debug|Any CPU
		{28832AB7-ADFF-403F-85AA-B47CC88EEDD3}.Release|Any CPU.ActiveCfg = Release|Any CPU
		{28832AB7-ADFF-403F-85AA-B47CC88EEDD3}.Release|Any CPU.Build.0 = Release|Any CPU
	EndGlobalSection
	GlobalSection(SolutionProperties) = preSolution
		HideSolutionNode = FALSE
	EndGlobalSection
	GlobalSection(ExtensibilityGlobals) = postSolution
		SolutionGuid = {947A30F0-FD63-4767-83C3-E21A198BDE96}
	EndGlobalSection
EndGlobal
